// !$*UTF8*$!
{
	archiveVersion = 1;
	classes = {
	};
	objectVersion = 48;
	objects = {

/* Begin PBXBuildFile section */
		04C38712213E093F0063A799 /* Configuration.plist in Resources */ = {isa = PBXBuildFile; fileRef = 04C386CA213E093F0063A799 /* Configuration.plist */; };
		04C38713213E093F0063A799 /* PMConfigManager.swift in Sources */ = {isa = PBXBuildFile; fileRef = 04C386CB213E093F0063A799 /* PMConfigManager.swift */; };
		04C38714213E093F0063A799 /* PMApiPath.swift in Sources */ = {isa = PBXBuildFile; fileRef = 04C386CC213E093F0063A799 /* PMApiPath.swift */; };
		04C38715213E093F0063A799 /* PMRequestApi.swift in Sources */ = {isa = PBXBuildFile; fileRef = 04C386CD213E093F0063A799 /* PMRequestApi.swift */; };
		04C38716213E093F0063A799 /* PMNetManager.swift in Sources */ = {isa = PBXBuildFile; fileRef = 04C386CE213E093F0063A799 /* PMNetManager.swift */; };
		04C38717213E093F0063A799 /* XBConfig.swift in Sources */ = {isa = PBXBuildFile; fileRef = 04C386D1213E093F0063A799 /* XBConfig.swift */; };
		04C38718213E093F0063A799 /* XBThirdID.swift in Sources */ = {isa = PBXBuildFile; fileRef = 04C386D2213E093F0063A799 /* XBThirdID.swift */; };
		04C38719213E093F0063A799 /* UIViewControllerRouter.swift in Sources */ = {isa = PBXBuildFile; fileRef = 04C386D4213E093F0063A799 /* UIViewControllerRouter.swift */; };
		04C3871B213E093F0063A799 /* XBNotificationManager.swift in Sources */ = {isa = PBXBuildFile; fileRef = 04C386D7213E093F0063A799 /* XBNotificationManager.swift */; };
		04C3871E213E093F0063A799 /* city.json in Resources */ = {isa = PBXBuildFile; fileRef = 04C386DA213E093F0063A799 /* city.json */; };
		04C3871F213E093F0063A799 /* XBJpushManager.swift in Sources */ = {isa = PBXBuildFile; fileRef = 04C386DB213E093F0063A799 /* XBJpushManager.swift */; };
		04C38720213E093F0063A799 /* XBShareManager.swift in Sources */ = {isa = PBXBuildFile; fileRef = 04C386DC213E093F0063A799 /* XBShareManager.swift */; };
		04C38721213E093F0063A799 /* AddImagePickerFragment.swift in Sources */ = {isa = PBXBuildFile; fileRef = 04C386DD213E093F0063A799 /* AddImagePickerFragment.swift */; };
		04C38722213E093F0063A799 /* XBEmptyManager.swift in Sources */ = {isa = PBXBuildFile; fileRef = 04C386DE213E093F0063A799 /* XBEmptyManager.swift */; };
		04C38724213E093F0063A799 /* XBUploadManager.swift in Sources */ = {isa = PBXBuildFile; fileRef = 04C386E0213E093F0063A799 /* XBUploadManager.swift */; };
		04C38725213E093F0063A799 /* XBAddressManager.swift in Sources */ = {isa = PBXBuildFile; fileRef = 04C386E1213E093F0063A799 /* XBAddressManager.swift */; };
		04C38727213E093F0063A799 /* XBUserManager.swift in Sources */ = {isa = PBXBuildFile; fileRef = 04C386E3213E093F0063A799 /* XBUserManager.swift */; };
		04C38728213E093F0063A799 /* XBRxSectionManager.swift in Sources */ = {isa = PBXBuildFile; fileRef = 04C386E4213E093F0063A799 /* XBRxSectionManager.swift */; };
		04C38729213E093F0063A799 /* Array+.swift in Sources */ = {isa = PBXBuildFile; fileRef = 04C386E6213E093F0063A799 /* Array+.swift */; };
		04C3872A213E093F0063A799 /* UIView+.swift in Sources */ = {isa = PBXBuildFile; fileRef = 04C386E7213E093F0063A799 /* UIView+.swift */; };
		04C3872B213E093F0063A799 /* String+.swift in Sources */ = {isa = PBXBuildFile; fileRef = 04C386E8213E093F0063A799 /* String+.swift */; };
		04C3872C213E093F0063A799 /* UIViewController+.swift in Sources */ = {isa = PBXBuildFile; fileRef = 04C386E9213E093F0063A799 /* UIViewController+.swift */; };
		04C3872D213E093F0063A799 /* UILabel+.swift in Sources */ = {isa = PBXBuildFile; fileRef = 04C386EA213E093F0063A799 /* UILabel+.swift */; };
		04C3872E213E093F0063A799 /* XBExtensionAdd.swift in Sources */ = {isa = PBXBuildFile; fileRef = 04C386EB213E093F0063A799 /* XBExtensionAdd.swift */; };
		04C3872F213E093F0063A799 /* UIImage+.swift in Sources */ = {isa = PBXBuildFile; fileRef = 04C386EC213E093F0063A799 /* UIImage+.swift */; };
		04C38730213E093F0063A799 /* UITableView+.swift in Sources */ = {isa = PBXBuildFile; fileRef = 04C386ED213E093F0063A799 /* UITableView+.swift */; };
		04C38731213E093F0063A799 /* AuxiliaryModels.swift in Sources */ = {isa = PBXBuildFile; fileRef = 04C386F0213E093F0063A799 /* AuxiliaryModels.swift */; };
		04C38732213E093F0063A799 /* CyclePictureView.swift in Sources */ = {isa = PBXBuildFile; fileRef = 04C386F1213E093F0063A799 /* CyclePictureView.swift */; };
		04C38733213E093F0063A799 /* CyclePictureCell.swift in Sources */ = {isa = PBXBuildFile; fileRef = 04C386F2213E093F0063A799 /* CyclePictureCell.swift */; };
		04C38734213E093F0063A799 /* ETPopupViewExtension.swift in Sources */ = {isa = PBXBuildFile; fileRef = 04C386F4213E093F0063A799 /* ETPopupViewExtension.swift */; };
		04C38735213E093F0063A799 /* ETPopupView.swift in Sources */ = {isa = PBXBuildFile; fileRef = 04C386F5213E093F0063A799 /* ETPopupView.swift */; };
		04C38736213E093F0063A799 /* BYFoundationLog.m in Sources */ = {isa = PBXBuildFile; fileRef = 04C386F6213E093F0063A799 /* BYFoundationLog.m */; };
		04C38737213E093F0063A799 /* SimpleHUD.swift in Sources */ = {isa = PBXBuildFile; fileRef = 04C386F9213E093F0063A799 /* SimpleHUD.swift */; };
		04C38738213E093F0063A799 /* PhotoBrowser.swift in Sources */ = {isa = PBXBuildFile; fileRef = 04C386FA213E093F0063A799 /* PhotoBrowser.swift */; };
		04C38739213E093F0063A799 /* UIViewExtension.swift in Sources */ = {isa = PBXBuildFile; fileRef = 04C386FB213E093F0063A799 /* UIViewExtension.swift */; };
		04C3873A213E093F0063A799 /* PhotoToolBar.swift in Sources */ = {isa = PBXBuildFile; fileRef = 04C386FC213E093F0063A799 /* PhotoToolBar.swift */; };
		04C3873B213E093F0063A799 /* PhotoViewCell.swift in Sources */ = {isa = PBXBuildFile; fileRef = 04C386FD213E093F0063A799 /* PhotoViewCell.swift */; };
		04C3873C213E093F0063A799 /* UIViewController+HUD.m in Sources */ = {isa = PBXBuildFile; fileRef = 04C386FF213E093F0063A799 /* UIViewController+HUD.m */; };
		04C3873D213E093F0063A799 /* MBProgressHUD.m in Sources */ = {isa = PBXBuildFile; fileRef = 04C38700213E093F0063A799 /* MBProgressHUD.m */; };
		04C3873E213E093F0063A799 /* MBProgressHUD+Add.m in Sources */ = {isa = PBXBuildFile; fileRef = 04C38701213E093F0063A799 /* MBProgressHUD+Add.m */; };
		04C3873F213E093F0063A799 /* NSObject+HUD.m in Sources */ = {isa = PBXBuildFile; fileRef = 04C38706213E093F0063A799 /* NSObject+HUD.m */; };
		04C38740213E09400063A799 /* UIButton+ImageTitleStyle.m in Sources */ = {isa = PBXBuildFile; fileRef = 04C38707213E093F0063A799 /* UIButton+ImageTitleStyle.m */; };
		04C38741213E09400063A799 /* PPPersonModel.swift in Sources */ = {isa = PBXBuildFile; fileRef = 04C38709213E093F0063A799 /* PPPersonModel.swift */; };
		04C38742213E09400063A799 /* PPAddressBookHandle.swift in Sources */ = {isa = PBXBuildFile; fileRef = 04C3870A213E093F0063A799 /* PPAddressBookHandle.swift */; };
		04C38743213E09400063A799 /* PPGetAddressBook.swift in Sources */ = {isa = PBXBuildFile; fileRef = 04C3870B213E093F0063A799 /* PPGetAddressBook.swift */; };
		04C38744213E09400063A799 /* XBHud.swift in Sources */ = {isa = PBXBuildFile; fileRef = 04C3870D213E093F0063A799 /* XBHud.swift */; };
		04C38745213E09400063A799 /* XBButton.swift in Sources */ = {isa = PBXBuildFile; fileRef = 04C3870E213E093F0063A799 /* XBButton.swift */; };
		04C38746213E09400063A799 /* XBCustomUtil.swift in Sources */ = {isa = PBXBuildFile; fileRef = 04C3870F213E093F0063A799 /* XBCustomUtil.swift */; };
		04C38747213E09400063A799 /* XBImageView.swift in Sources */ = {isa = PBXBuildFile; fileRef = 04C38710213E093F0063A799 /* XBImageView.swift */; };
		04C38748213E09400063A799 /* XBUtil.swift in Sources */ = {isa = PBXBuildFile; fileRef = 04C38711213E093F0063A799 /* XBUtil.swift */; };
		04C3897E213E0B5A0063A799 /* XBBaseNavigation.swift in Sources */ = {isa = PBXBuildFile; fileRef = 04C3883A213E0B590063A799 /* XBBaseNavigation.swift */; };
		04C38985213E0B5A0063A799 /* XBBaseTableViewController.swift in Sources */ = {isa = PBXBuildFile; fileRef = 04C38841213E0B590063A799 /* XBBaseTableViewController.swift */; };
		04C38987213E0B5A0063A799 /* XBBaseViewController.swift in Sources */ = {isa = PBXBuildFile; fileRef = 04C38843213E0B590063A799 /* XBBaseViewController.swift */; };
		04C38988213E0B5A0063A799 /* XBBaseModel.swift in Sources */ = {isa = PBXBuildFile; fileRef = 04C38845213E0B590063A799 /* XBBaseModel.swift */; };
		04C389D3213E160E0063A799 /* XBTabBarController.swift in Sources */ = {isa = PBXBuildFile; fileRef = 04C389D2213E160E0063A799 /* XBTabBarController.swift */; };
		04C389D5213E163F0063A799 /* TwoViewController.swift in Sources */ = {isa = PBXBuildFile; fileRef = 04C389D4213E163F0063A799 /* TwoViewController.swift */; };
		04C389D7213E164B0063A799 /* ThreeViewController.swift in Sources */ = {isa = PBXBuildFile; fileRef = 04C389D6213E164B0063A799 /* ThreeViewController.swift */; };
		04C389DB213E183A0063A799 /* FourViewController.swift in Sources */ = {isa = PBXBuildFile; fileRef = 04C389DA213E183A0063A799 /* FourViewController.swift */; };
		04C389E0213E21BA0063A799 /* OneViewController.swift in Sources */ = {isa = PBXBuildFile; fileRef = 04C389DE213E21BA0063A799 /* OneViewController.swift */; };
		04C389E1213E21BA0063A799 /* OneViewController.xib in Resources */ = {isa = PBXBuildFile; fileRef = 04C389DF213E21BA0063A799 /* OneViewController.xib */; };
		04C389EB213E231D0063A799 /* EquipmentVC.swift in Sources */ = {isa = PBXBuildFile; fileRef = 04C389EA213E231D0063A799 /* EquipmentVC.swift */; };
		1AAA75D9F5935AC30D1FE386 /* Pods_SmartMain.framework in Frameworks */ = {isa = PBXBuildFile; fileRef = CD6A84A3D73AD65D2EE9B86B /* Pods_SmartMain.framework */; };
		2D312A9B213D560100FCC499 /* AppDelegate.swift in Sources */ = {isa = PBXBuildFile; fileRef = 2D312A9A213D560100FCC499 /* AppDelegate.swift */; };
		2D312A9D213D560100FCC499 /* ViewController.swift in Sources */ = {isa = PBXBuildFile; fileRef = 2D312A9C213D560100FCC499 /* ViewController.swift */; };
		2D312AA0213D560100FCC499 /* Main.storyboard in Resources */ = {isa = PBXBuildFile; fileRef = 2D312A9E213D560100FCC499 /* Main.storyboard */; };
		2D312AA2213D560100FCC499 /* Assets.xcassets in Resources */ = {isa = PBXBuildFile; fileRef = 2D312AA1213D560100FCC499 /* Assets.xcassets */; };
		2D312AA5213D560100FCC499 /* LaunchScreen.storyboard in Resources */ = {isa = PBXBuildFile; fileRef = 2D312AA3213D560100FCC499 /* LaunchScreen.storyboard */; };
/* End PBXBuildFile section */

/* Begin PBXFileReference section */
		04C386CA213E093F0063A799 /* Configuration.plist */ = {isa = PBXFileReference; fileEncoding = 4; lastKnownFileType = text.plist.xml; path = Configuration.plist; sourceTree = "<group>"; };
		04C386CB213E093F0063A799 /* PMConfigManager.swift */ = {isa = PBXFileReference; fileEncoding = 4; lastKnownFileType = sourcecode.swift; path = PMConfigManager.swift; sourceTree = "<group>"; };
		04C386CC213E093F0063A799 /* PMApiPath.swift */ = {isa = PBXFileReference; fileEncoding = 4; lastKnownFileType = sourcecode.swift; path = PMApiPath.swift; sourceTree = "<group>"; };
		04C386CD213E093F0063A799 /* PMRequestApi.swift */ = {isa = PBXFileReference; fileEncoding = 4; lastKnownFileType = sourcecode.swift; path = PMRequestApi.swift; sourceTree = "<group>"; };
		04C386CE213E093F0063A799 /* PMNetManager.swift */ = {isa = PBXFileReference; fileEncoding = 4; lastKnownFileType = sourcecode.swift; path = PMNetManager.swift; sourceTree = "<group>"; };
		04C386D1213E093F0063A799 /* XBConfig.swift */ = {isa = PBXFileReference; fileEncoding = 4; lastKnownFileType = sourcecode.swift; path = XBConfig.swift; sourceTree = "<group>"; };
		04C386D2213E093F0063A799 /* XBThirdID.swift */ = {isa = PBXFileReference; fileEncoding = 4; lastKnownFileType = sourcecode.swift; path = XBThirdID.swift; sourceTree = "<group>"; };
		04C386D4213E093F0063A799 /* UIViewControllerRouter.swift */ = {isa = PBXFileReference; fileEncoding = 4; lastKnownFileType = sourcecode.swift; path = UIViewControllerRouter.swift; sourceTree = "<group>"; };
		04C386D7213E093F0063A799 /* XBNotificationManager.swift */ = {isa = PBXFileReference; fileEncoding = 4; lastKnownFileType = sourcecode.swift; path = XBNotificationManager.swift; sourceTree = "<group>"; };
		04C386DA213E093F0063A799 /* city.json */ = {isa = PBXFileReference; fileEncoding = 4; lastKnownFileType = text.json; path = city.json; sourceTree = "<group>"; };
		04C386DB213E093F0063A799 /* XBJpushManager.swift */ = {isa = PBXFileReference; fileEncoding = 4; lastKnownFileType = sourcecode.swift; path = XBJpushManager.swift; sourceTree = "<group>"; };
		04C386DC213E093F0063A799 /* XBShareManager.swift */ = {isa = PBXFileReference; fileEncoding = 4; lastKnownFileType = sourcecode.swift; path = XBShareManager.swift; sourceTree = "<group>"; };
		04C386DD213E093F0063A799 /* AddImagePickerFragment.swift */ = {isa = PBXFileReference; fileEncoding = 4; lastKnownFileType = sourcecode.swift; path = AddImagePickerFragment.swift; sourceTree = "<group>"; };
		04C386DE213E093F0063A799 /* XBEmptyManager.swift */ = {isa = PBXFileReference; fileEncoding = 4; lastKnownFileType = sourcecode.swift; path = XBEmptyManager.swift; sourceTree = "<group>"; };
		04C386E0213E093F0063A799 /* XBUploadManager.swift */ = {isa = PBXFileReference; fileEncoding = 4; lastKnownFileType = sourcecode.swift; path = XBUploadManager.swift; sourceTree = "<group>"; };
		04C386E1213E093F0063A799 /* XBAddressManager.swift */ = {isa = PBXFileReference; fileEncoding = 4; lastKnownFileType = sourcecode.swift; path = XBAddressManager.swift; sourceTree = "<group>"; };
		04C386E3213E093F0063A799 /* XBUserManager.swift */ = {isa = PBXFileReference; fileEncoding = 4; lastKnownFileType = sourcecode.swift; path = XBUserManager.swift; sourceTree = "<group>"; };
		04C386E4213E093F0063A799 /* XBRxSectionManager.swift */ = {isa = PBXFileReference; fileEncoding = 4; lastKnownFileType = sourcecode.swift; path = XBRxSectionManager.swift; sourceTree = "<group>"; };
		04C386E6213E093F0063A799 /* Array+.swift */ = {isa = PBXFileReference; fileEncoding = 4; lastKnownFileType = sourcecode.swift; path = "Array+.swift"; sourceTree = "<group>"; };
		04C386E7213E093F0063A799 /* UIView+.swift */ = {isa = PBXFileReference; fileEncoding = 4; lastKnownFileType = sourcecode.swift; path = "UIView+.swift"; sourceTree = "<group>"; };
		04C386E8213E093F0063A799 /* String+.swift */ = {isa = PBXFileReference; fileEncoding = 4; lastKnownFileType = sourcecode.swift; path = "String+.swift"; sourceTree = "<group>"; };
		04C386E9213E093F0063A799 /* UIViewController+.swift */ = {isa = PBXFileReference; fileEncoding = 4; lastKnownFileType = sourcecode.swift; path = "UIViewController+.swift"; sourceTree = "<group>"; };
		04C386EA213E093F0063A799 /* UILabel+.swift */ = {isa = PBXFileReference; fileEncoding = 4; lastKnownFileType = sourcecode.swift; path = "UILabel+.swift"; sourceTree = "<group>"; };
		04C386EB213E093F0063A799 /* XBExtensionAdd.swift */ = {isa = PBXFileReference; fileEncoding = 4; lastKnownFileType = sourcecode.swift; path = XBExtensionAdd.swift; sourceTree = "<group>"; };
		04C386EC213E093F0063A799 /* UIImage+.swift */ = {isa = PBXFileReference; fileEncoding = 4; lastKnownFileType = sourcecode.swift; path = "UIImage+.swift"; sourceTree = "<group>"; };
		04C386ED213E093F0063A799 /* UITableView+.swift */ = {isa = PBXFileReference; fileEncoding = 4; lastKnownFileType = sourcecode.swift; path = "UITableView+.swift"; sourceTree = "<group>"; };
		04C386F0213E093F0063A799 /* AuxiliaryModels.swift */ = {isa = PBXFileReference; fileEncoding = 4; lastKnownFileType = sourcecode.swift; path = AuxiliaryModels.swift; sourceTree = "<group>"; };
		04C386F1213E093F0063A799 /* CyclePictureView.swift */ = {isa = PBXFileReference; fileEncoding = 4; lastKnownFileType = sourcecode.swift; path = CyclePictureView.swift; sourceTree = "<group>"; };
		04C386F2213E093F0063A799 /* CyclePictureCell.swift */ = {isa = PBXFileReference; fileEncoding = 4; lastKnownFileType = sourcecode.swift; path = CyclePictureCell.swift; sourceTree = "<group>"; };
		04C386F4213E093F0063A799 /* ETPopupViewExtension.swift */ = {isa = PBXFileReference; fileEncoding = 4; lastKnownFileType = sourcecode.swift; path = ETPopupViewExtension.swift; sourceTree = "<group>"; };
		04C386F5213E093F0063A799 /* ETPopupView.swift */ = {isa = PBXFileReference; fileEncoding = 4; lastKnownFileType = sourcecode.swift; path = ETPopupView.swift; sourceTree = "<group>"; };
		04C386F6213E093F0063A799 /* BYFoundationLog.m */ = {isa = PBXFileReference; fileEncoding = 4; lastKnownFileType = sourcecode.c.objc; path = BYFoundationLog.m; sourceTree = "<group>"; };
		04C386F7213E093F0063A799 /* UIButton+ImageTitleStyle.h */ = {isa = PBXFileReference; fileEncoding = 4; lastKnownFileType = sourcecode.c.h; path = "UIButton+ImageTitleStyle.h"; sourceTree = "<group>"; };
		04C386F9213E093F0063A799 /* SimpleHUD.swift */ = {isa = PBXFileReference; fileEncoding = 4; lastKnownFileType = sourcecode.swift; path = SimpleHUD.swift; sourceTree = "<group>"; };
		04C386FA213E093F0063A799 /* PhotoBrowser.swift */ = {isa = PBXFileReference; fileEncoding = 4; lastKnownFileType = sourcecode.swift; path = PhotoBrowser.swift; sourceTree = "<group>"; };
		04C386FB213E093F0063A799 /* UIViewExtension.swift */ = {isa = PBXFileReference; fileEncoding = 4; lastKnownFileType = sourcecode.swift; path = UIViewExtension.swift; sourceTree = "<group>"; };
		04C386FC213E093F0063A799 /* PhotoToolBar.swift */ = {isa = PBXFileReference; fileEncoding = 4; lastKnownFileType = sourcecode.swift; path = PhotoToolBar.swift; sourceTree = "<group>"; };
		04C386FD213E093F0063A799 /* PhotoViewCell.swift */ = {isa = PBXFileReference; fileEncoding = 4; lastKnownFileType = sourcecode.swift; path = PhotoViewCell.swift; sourceTree = "<group>"; };
		04C386FF213E093F0063A799 /* UIViewController+HUD.m */ = {isa = PBXFileReference; fileEncoding = 4; lastKnownFileType = sourcecode.c.objc; path = "UIViewController+HUD.m"; sourceTree = "<group>"; };
		04C38700213E093F0063A799 /* MBProgressHUD.m */ = {isa = PBXFileReference; fileEncoding = 4; lastKnownFileType = sourcecode.c.objc; path = MBProgressHUD.m; sourceTree = "<group>"; };
		04C38701213E093F0063A799 /* MBProgressHUD+Add.m */ = {isa = PBXFileReference; fileEncoding = 4; lastKnownFileType = sourcecode.c.objc; path = "MBProgressHUD+Add.m"; sourceTree = "<group>"; };
		04C38702213E093F0063A799 /* NSObject+HUD.h */ = {isa = PBXFileReference; fileEncoding = 4; lastKnownFileType = sourcecode.c.h; path = "NSObject+HUD.h"; sourceTree = "<group>"; };
		04C38703213E093F0063A799 /* MBProgressHUD.h */ = {isa = PBXFileReference; fileEncoding = 4; lastKnownFileType = sourcecode.c.h; path = MBProgressHUD.h; sourceTree = "<group>"; };
		04C38704213E093F0063A799 /* UIViewController+HUD.h */ = {isa = PBXFileReference; fileEncoding = 4; lastKnownFileType = sourcecode.c.h; path = "UIViewController+HUD.h"; sourceTree = "<group>"; };
		04C38705213E093F0063A799 /* MBProgressHUD+Add.h */ = {isa = PBXFileReference; fileEncoding = 4; lastKnownFileType = sourcecode.c.h; path = "MBProgressHUD+Add.h"; sourceTree = "<group>"; };
		04C38706213E093F0063A799 /* NSObject+HUD.m */ = {isa = PBXFileReference; fileEncoding = 4; lastKnownFileType = sourcecode.c.objc; path = "NSObject+HUD.m"; sourceTree = "<group>"; };
		04C38707213E093F0063A799 /* UIButton+ImageTitleStyle.m */ = {isa = PBXFileReference; fileEncoding = 4; lastKnownFileType = sourcecode.c.objc; path = "UIButton+ImageTitleStyle.m"; sourceTree = "<group>"; };
		04C38709213E093F0063A799 /* PPPersonModel.swift */ = {isa = PBXFileReference; fileEncoding = 4; lastKnownFileType = sourcecode.swift; path = PPPersonModel.swift; sourceTree = "<group>"; };
		04C3870A213E093F0063A799 /* PPAddressBookHandle.swift */ = {isa = PBXFileReference; fileEncoding = 4; lastKnownFileType = sourcecode.swift; path = PPAddressBookHandle.swift; sourceTree = "<group>"; };
		04C3870B213E093F0063A799 /* PPGetAddressBook.swift */ = {isa = PBXFileReference; fileEncoding = 4; lastKnownFileType = sourcecode.swift; path = PPGetAddressBook.swift; sourceTree = "<group>"; };
		04C3870D213E093F0063A799 /* XBHud.swift */ = {isa = PBXFileReference; fileEncoding = 4; lastKnownFileType = sourcecode.swift; path = XBHud.swift; sourceTree = "<group>"; };
		04C3870E213E093F0063A799 /* XBButton.swift */ = {isa = PBXFileReference; fileEncoding = 4; lastKnownFileType = sourcecode.swift; path = XBButton.swift; sourceTree = "<group>"; };
		04C3870F213E093F0063A799 /* XBCustomUtil.swift */ = {isa = PBXFileReference; fileEncoding = 4; lastKnownFileType = sourcecode.swift; path = XBCustomUtil.swift; sourceTree = "<group>"; };
		04C38710213E093F0063A799 /* XBImageView.swift */ = {isa = PBXFileReference; fileEncoding = 4; lastKnownFileType = sourcecode.swift; path = XBImageView.swift; sourceTree = "<group>"; };
		04C38711213E093F0063A799 /* XBUtil.swift */ = {isa = PBXFileReference; fileEncoding = 4; lastKnownFileType = sourcecode.swift; path = XBUtil.swift; sourceTree = "<group>"; };
		04C3883A213E0B590063A799 /* XBBaseNavigation.swift */ = {isa = PBXFileReference; fileEncoding = 4; lastKnownFileType = sourcecode.swift; path = XBBaseNavigation.swift; sourceTree = "<group>"; };
		04C38841213E0B590063A799 /* XBBaseTableViewController.swift */ = {isa = PBXFileReference; fileEncoding = 4; lastKnownFileType = sourcecode.swift; path = XBBaseTableViewController.swift; sourceTree = "<group>"; };
		04C38843213E0B590063A799 /* XBBaseViewController.swift */ = {isa = PBXFileReference; fileEncoding = 4; lastKnownFileType = sourcecode.swift; path = XBBaseViewController.swift; sourceTree = "<group>"; };
		04C38845213E0B590063A799 /* XBBaseModel.swift */ = {isa = PBXFileReference; fileEncoding = 4; lastKnownFileType = sourcecode.swift; path = XBBaseModel.swift; sourceTree = "<group>"; };
		04C389D2213E160E0063A799 /* XBTabBarController.swift */ = {isa = PBXFileReference; fileEncoding = 4; lastKnownFileType = sourcecode.swift; path = XBTabBarController.swift; sourceTree = "<group>"; };
		04C389D4213E163F0063A799 /* TwoViewController.swift */ = {isa = PBXFileReference; lastKnownFileType = sourcecode.swift; path = TwoViewController.swift; sourceTree = "<group>"; };
		04C389D6213E164B0063A799 /* ThreeViewController.swift */ = {isa = PBXFileReference; lastKnownFileType = sourcecode.swift; path = ThreeViewController.swift; sourceTree = "<group>"; };
		04C389DA213E183A0063A799 /* FourViewController.swift */ = {isa = PBXFileReference; lastKnownFileType = sourcecode.swift; path = FourViewController.swift; sourceTree = "<group>"; };
		04C389DE213E21BA0063A799 /* OneViewController.swift */ = {isa = PBXFileReference; lastKnownFileType = sourcecode.swift; path = OneViewController.swift; sourceTree = "<group>"; };
		04C389DF213E21BA0063A799 /* OneViewController.xib */ = {isa = PBXFileReference; lastKnownFileType = file.xib; path = OneViewController.xib; sourceTree = "<group>"; };
		04C389EA213E231D0063A799 /* EquipmentVC.swift */ = {isa = PBXFileReference; lastKnownFileType = sourcecode.swift; path = EquipmentVC.swift; sourceTree = "<group>"; };
		2D312A97213D560100FCC499 /* SmartMain.app */ = {isa = PBXFileReference; explicitFileType = wrapper.application; includeInIndex = 0; path = SmartMain.app; sourceTree = BUILT_PRODUCTS_DIR; };
		2D312A9A213D560100FCC499 /* AppDelegate.swift */ = {isa = PBXFileReference; lastKnownFileType = sourcecode.swift; path = AppDelegate.swift; sourceTree = "<group>"; };
		2D312A9C213D560100FCC499 /* ViewController.swift */ = {isa = PBXFileReference; lastKnownFileType = sourcecode.swift; path = ViewController.swift; sourceTree = "<group>"; };
		2D312A9F213D560100FCC499 /* Base */ = {isa = PBXFileReference; lastKnownFileType = file.storyboard; name = Base; path = Base.lproj/Main.storyboard; sourceTree = "<group>"; };
		2D312AA1213D560100FCC499 /* Assets.xcassets */ = {isa = PBXFileReference; lastKnownFileType = folder.assetcatalog; path = Assets.xcassets; sourceTree = "<group>"; };
		2D312AA4213D560100FCC499 /* Base */ = {isa = PBXFileReference; lastKnownFileType = file.storyboard; name = Base; path = Base.lproj/LaunchScreen.storyboard; sourceTree = "<group>"; };
		2D312AA6213D560100FCC499 /* Info.plist */ = {isa = PBXFileReference; lastKnownFileType = text.plist.xml; path = Info.plist; sourceTree = "<group>"; };
		2D312AAC213D619F00FCC499 /* SmartMain-Bridging-Header.h */ = {isa = PBXFileReference; lastKnownFileType = sourcecode.c.h; path = "SmartMain-Bridging-Header.h"; sourceTree = "<group>"; };
		91EAC16658F9A180871B0B3F /* Pods-SmartMain.release.xcconfig */ = {isa = PBXFileReference; includeInIndex = 1; lastKnownFileType = text.xcconfig; name = "Pods-SmartMain.release.xcconfig"; path = "Pods/Target Support Files/Pods-SmartMain/Pods-SmartMain.release.xcconfig"; sourceTree = "<group>"; };
		CD6A84A3D73AD65D2EE9B86B /* Pods_SmartMain.framework */ = {isa = PBXFileReference; explicitFileType = wrapper.framework; includeInIndex = 0; path = Pods_SmartMain.framework; sourceTree = BUILT_PRODUCTS_DIR; };
		FABD6F9026177145A29A261A /* Pods-SmartMain.debug.xcconfig */ = {isa = PBXFileReference; includeInIndex = 1; lastKnownFileType = text.xcconfig; name = "Pods-SmartMain.debug.xcconfig"; path = "Pods/Target Support Files/Pods-SmartMain/Pods-SmartMain.debug.xcconfig"; sourceTree = "<group>"; };
/* End PBXFileReference section */

/* Begin PBXFrameworksBuildPhase section */
		2D312A94213D560100FCC499 /* Frameworks */ = {
			isa = PBXFrameworksBuildPhase;
			buildActionMask = 2147483647;
			files = (
				1AAA75D9F5935AC30D1FE386 /* Pods_SmartMain.framework in Frameworks */,
			);
			runOnlyForDeploymentPostprocessing = 0;
		};
/* End PBXFrameworksBuildPhase section */

/* Begin PBXGroup section */
		04C386C8213E093F0063A799 /* WebService */ = {
			isa = PBXGroup;
			children = (
				04C386C9213E093F0063A799 /* Configuration */,
				04C386CC213E093F0063A799 /* PMApiPath.swift */,
				04C386CD213E093F0063A799 /* PMRequestApi.swift */,
				04C386CE213E093F0063A799 /* PMNetManager.swift */,
			);
			path = WebService;
			sourceTree = "<group>";
		};
		04C386C9213E093F0063A799 /* Configuration */ = {
			isa = PBXGroup;
			children = (
				04C386CA213E093F0063A799 /* Configuration.plist */,
				04C386CB213E093F0063A799 /* PMConfigManager.swift */,
			);
			path = Configuration;
			sourceTree = "<group>";
		};
		04C386CF213E093F0063A799 /* Extension */ = {
			isa = PBXGroup;
			children = (
				04C386D0213E093F0063A799 /* Config */,
				04C386D3213E093F0063A799 /* XBRoute */,
				04C386D6213E093F0063A799 /* Manager */,
				04C386E5213E093F0063A799 /* ExtensionKit */,
				04C386EE213E093F0063A799 /* ThirdParty */,
			);
			path = Extension;
			sourceTree = "<group>";
		};
		04C386D0213E093F0063A799 /* Config */ = {
			isa = PBXGroup;
			children = (
				04C386D1213E093F0063A799 /* XBConfig.swift */,
				04C386D2213E093F0063A799 /* XBThirdID.swift */,
			);
			path = Config;
			sourceTree = "<group>";
		};
		04C386D3213E093F0063A799 /* XBRoute */ = {
			isa = PBXGroup;
			children = (
				04C386D4213E093F0063A799 /* UIViewControllerRouter.swift */,
			);
			path = XBRoute;
			sourceTree = "<group>";
		};
		04C386D6213E093F0063A799 /* Manager */ = {
			isa = PBXGroup;
			children = (
				04C386D7213E093F0063A799 /* XBNotificationManager.swift */,
				04C386DA213E093F0063A799 /* city.json */,
				04C386DB213E093F0063A799 /* XBJpushManager.swift */,
				04C386DC213E093F0063A799 /* XBShareManager.swift */,
				04C386DD213E093F0063A799 /* AddImagePickerFragment.swift */,
				04C386DE213E093F0063A799 /* XBEmptyManager.swift */,
				04C386E0213E093F0063A799 /* XBUploadManager.swift */,
				04C386E1213E093F0063A799 /* XBAddressManager.swift */,
				04C386E3213E093F0063A799 /* XBUserManager.swift */,
				04C386E4213E093F0063A799 /* XBRxSectionManager.swift */,
			);
			path = Manager;
			sourceTree = "<group>";
		};
		04C386E5213E093F0063A799 /* ExtensionKit */ = {
			isa = PBXGroup;
			children = (
				04C386E6213E093F0063A799 /* Array+.swift */,
				04C386E7213E093F0063A799 /* UIView+.swift */,
				04C386E8213E093F0063A799 /* String+.swift */,
				04C386E9213E093F0063A799 /* UIViewController+.swift */,
				04C386EA213E093F0063A799 /* UILabel+.swift */,
				04C386EB213E093F0063A799 /* XBExtensionAdd.swift */,
				04C386EC213E093F0063A799 /* UIImage+.swift */,
				04C386ED213E093F0063A799 /* UITableView+.swift */,
			);
			path = ExtensionKit;
			sourceTree = "<group>";
		};
		04C386EE213E093F0063A799 /* ThirdParty */ = {
			isa = PBXGroup;
			children = (
				04C386EF213E093F0063A799 /* CyclePictureView */,
				04C386F3213E093F0063A799 /* ETPopView */,
				04C386F6213E093F0063A799 /* BYFoundationLog.m */,
				04C386F7213E093F0063A799 /* UIButton+ImageTitleStyle.h */,
				04C386F8213E093F0063A799 /* PhotoBrowser */,
				04C386FE213E093F0063A799 /* MBProgressHUD */,
				04C38707213E093F0063A799 /* UIButton+ImageTitleStyle.m */,
				04C38708213E093F0063A799 /* PPGetAddressBookSwift */,
			);
			path = ThirdParty;
			sourceTree = "<group>";
		};
		04C386EF213E093F0063A799 /* CyclePictureView */ = {
			isa = PBXGroup;
			children = (
				04C386F0213E093F0063A799 /* AuxiliaryModels.swift */,
				04C386F1213E093F0063A799 /* CyclePictureView.swift */,
				04C386F2213E093F0063A799 /* CyclePictureCell.swift */,
			);
			path = CyclePictureView;
			sourceTree = "<group>";
		};
		04C386F3213E093F0063A799 /* ETPopView */ = {
			isa = PBXGroup;
			children = (
				04C386F4213E093F0063A799 /* ETPopupViewExtension.swift */,
				04C386F5213E093F0063A799 /* ETPopupView.swift */,
			);
			path = ETPopView;
			sourceTree = "<group>";
		};
		04C386F8213E093F0063A799 /* PhotoBrowser */ = {
			isa = PBXGroup;
			children = (
				04C386F9213E093F0063A799 /* SimpleHUD.swift */,
				04C386FA213E093F0063A799 /* PhotoBrowser.swift */,
				04C386FB213E093F0063A799 /* UIViewExtension.swift */,
				04C386FC213E093F0063A799 /* PhotoToolBar.swift */,
				04C386FD213E093F0063A799 /* PhotoViewCell.swift */,
			);
			path = PhotoBrowser;
			sourceTree = "<group>";
		};
		04C386FE213E093F0063A799 /* MBProgressHUD */ = {
			isa = PBXGroup;
			children = (
				04C386FF213E093F0063A799 /* UIViewController+HUD.m */,
				04C38700213E093F0063A799 /* MBProgressHUD.m */,
				04C38701213E093F0063A799 /* MBProgressHUD+Add.m */,
				04C38702213E093F0063A799 /* NSObject+HUD.h */,
				04C38703213E093F0063A799 /* MBProgressHUD.h */,
				04C38704213E093F0063A799 /* UIViewController+HUD.h */,
				04C38705213E093F0063A799 /* MBProgressHUD+Add.h */,
				04C38706213E093F0063A799 /* NSObject+HUD.m */,
			);
			path = MBProgressHUD;
			sourceTree = "<group>";
		};
		04C38708213E093F0063A799 /* PPGetAddressBookSwift */ = {
			isa = PBXGroup;
			children = (
				04C38709213E093F0063A799 /* PPPersonModel.swift */,
				04C3870A213E093F0063A799 /* PPAddressBookHandle.swift */,
				04C3870B213E093F0063A799 /* PPGetAddressBook.swift */,
			);
			path = PPGetAddressBookSwift;
			sourceTree = "<group>";
		};
		04C3870C213E093F0063A799 /* Util */ = {
			isa = PBXGroup;
			children = (
				04C3870D213E093F0063A799 /* XBHud.swift */,
				04C3870E213E093F0063A799 /* XBButton.swift */,
				04C3870F213E093F0063A799 /* XBCustomUtil.swift */,
				04C38710213E093F0063A799 /* XBImageView.swift */,
				04C38711213E093F0063A799 /* XBUtil.swift */,
			);
			path = Util;
			sourceTree = "<group>";
		};
		04C38749213E0B590063A799 /* ViewControllers */ = {
			isa = PBXGroup;
			children = (
				04C389E2213E228E0063A799 /* Equipment */,
				04C389E5213E22D20063A799 /* Me */,
				04C389E4213E22CA0063A799 /* Chat */,
				04C389E3213E22BD0063A799 /* Content */,
				04C38817213E0B590063A799 /* BaseObject */,
			);
			path = ViewControllers;
			sourceTree = "<group>";
		};
		04C38817213E0B590063A799 /* BaseObject */ = {
			isa = PBXGroup;
			children = (
				04C38818213E0B590063A799 /* BaseView */,
				04C38838213E0B590063A799 /* BaseViewController */,
				04C38844213E0B590063A799 /* BaseModel */,
			);
			path = BaseObject;
			sourceTree = "<group>";
		};
		04C38818213E0B590063A799 /* BaseView */ = {
			isa = PBXGroup;
			children = (
			);
			path = BaseView;
			sourceTree = "<group>";
		};
		04C38838213E0B590063A799 /* BaseViewController */ = {
			isa = PBXGroup;
			children = (
				04C389D2213E160E0063A799 /* XBTabBarController.swift */,
				04C38843213E0B590063A799 /* XBBaseViewController.swift */,
				04C3883A213E0B590063A799 /* XBBaseNavigation.swift */,
				04C38841213E0B590063A799 /* XBBaseTableViewController.swift */,
			);
			path = BaseViewController;
			sourceTree = "<group>";
		};
		04C38844213E0B590063A799 /* BaseModel */ = {
			isa = PBXGroup;
			children = (
				04C38845213E0B590063A799 /* XBBaseModel.swift */,
			);
			path = BaseModel;
			sourceTree = "<group>";
		};
		04C389E2213E228E0063A799 /* Equipment */ = {
			isa = PBXGroup;
			children = (
				04C389E9213E22F40063A799 /* Model */,
				04C389E8213E22EF0063A799 /* ViewModel */,
				04C389E7213E22EB0063A799 /* View */,
				04C389E6213E22E00063A799 /* ViewController */,
			);
			path = Equipment;
			sourceTree = "<group>";
		};
		04C389E3213E22BD0063A799 /* Content */ = {
			isa = PBXGroup;
			children = (
			);
			path = Content;
			sourceTree = "<group>";
		};
		04C389E4213E22CA0063A799 /* Chat */ = {
			isa = PBXGroup;
			children = (
			);
			path = Chat;
			sourceTree = "<group>";
		};
		04C389E5213E22D20063A799 /* Me */ = {
			isa = PBXGroup;
			children = (
			);
			path = Me;
			sourceTree = "<group>";
		};
		04C389E6213E22E00063A799 /* ViewController */ = {
			isa = PBXGroup;
			children = (
				04C389EA213E231D0063A799 /* EquipmentVC.swift */,
			);
			path = ViewController;
			sourceTree = "<group>";
		};
		04C389E7213E22EB0063A799 /* View */ = {
			isa = PBXGroup;
			children = (
			);
			path = View;
			sourceTree = "<group>";
		};
		04C389E8213E22EF0063A799 /* ViewModel */ = {
			isa = PBXGroup;
			children = (
			);
			path = ViewModel;
			sourceTree = "<group>";
		};
		04C389E9213E22F40063A799 /* Model */ = {
			isa = PBXGroup;
			children = (
			);
			path = Model;
			sourceTree = "<group>";
		};
		2D312A8E213D560000FCC499 = {
			isa = PBXGroup;
			children = (
				2D312A99213D560100FCC499 /* SmartMain */,
				2D312A98213D560100FCC499 /* Products */,
				8DA45C6C51D8EE67A8A81939 /* Pods */,
				C4A93F326F3035B66BD5F673 /* Frameworks */,
			);
			sourceTree = "<group>";
		};
		2D312A98213D560100FCC499 /* Products */ = {
			isa = PBXGroup;
			children = (
				2D312A97213D560100FCC499 /* SmartMain.app */,
			);
			name = Products;
			sourceTree = "<group>";
		};
		2D312A99213D560100FCC499 /* SmartMain */ = {
			isa = PBXGroup;
			children = (
				04C386C8213E093F0063A799 /* WebService */,
				04C386CF213E093F0063A799 /* Extension */,
				04C3870C213E093F0063A799 /* Util */,
				04C38749213E0B590063A799 /* ViewControllers */,
				2D312A9A213D560100FCC499 /* AppDelegate.swift */,
				2D312A9C213D560100FCC499 /* ViewController.swift */,
				04C389D6213E164B0063A799 /* ThreeViewController.swift */,
				04C389D4213E163F0063A799 /* TwoViewController.swift */,
				04C389DE213E21BA0063A799 /* OneViewController.swift */,
				04C389DF213E21BA0063A799 /* OneViewController.xib */,
				04C389DA213E183A0063A799 /* FourViewController.swift */,
				2D312A9E213D560100FCC499 /* Main.storyboard */,
				2D312AA1213D560100FCC499 /* Assets.xcassets */,
				2D312AA3213D560100FCC499 /* LaunchScreen.storyboard */,
				2D312AA6213D560100FCC499 /* Info.plist */,
				2D312AAC213D619F00FCC499 /* SmartMain-Bridging-Header.h */,
			);
			path = SmartMain;
			sourceTree = "<group>";
		};
		8DA45C6C51D8EE67A8A81939 /* Pods */ = {
			isa = PBXGroup;
			children = (
				FABD6F9026177145A29A261A /* Pods-SmartMain.debug.xcconfig */,
				91EAC16658F9A180871B0B3F /* Pods-SmartMain.release.xcconfig */,
			);
			name = Pods;
			sourceTree = "<group>";
		};
		C4A93F326F3035B66BD5F673 /* Frameworks */ = {
			isa = PBXGroup;
			children = (
				CD6A84A3D73AD65D2EE9B86B /* Pods_SmartMain.framework */,
			);
			name = Frameworks;
			sourceTree = "<group>";
		};
/* End PBXGroup section */

/* Begin PBXNativeTarget section */
		2D312A96213D560100FCC499 /* SmartMain */ = {
			isa = PBXNativeTarget;
			buildConfigurationList = 2D312AA9213D560100FCC499 /* Build configuration list for PBXNativeTarget "SmartMain" */;
			buildPhases = (
				78ED6FD45B3F9CA9B9CBA626 /* [CP] Check Pods Manifest.lock */,
				2D312A93213D560100FCC499 /* Sources */,
				2D312A94213D560100FCC499 /* Frameworks */,
				2D312A95213D560100FCC499 /* Resources */,
				28097B602E05C0FFDBCB2D2B /* [CP] Embed Pods Frameworks */,
				05213FFB619F8711F09828FE /* [CP] Copy Pods Resources */,
			);
			buildRules = (
			);
			dependencies = (
			);
			name = SmartMain;
			productName = SmartMain;
			productReference = 2D312A97213D560100FCC499 /* SmartMain.app */;
			productType = "com.apple.product-type.application";
		};
/* End PBXNativeTarget section */

/* Begin PBXProject section */
		2D312A8F213D560000FCC499 /* Project object */ = {
			isa = PBXProject;
			attributes = {
				LastSwiftUpdateCheck = 0900;
				LastUpgradeCheck = 0900;
				ORGANIZATIONNAME = "上海际浩智能科技有限公司（InfiniSmart）";
				TargetAttributes = {
					2D312A96213D560100FCC499 = {
						CreatedOnToolsVersion = 9.0;
						LastSwiftMigration = 0900;
						ProvisioningStyle = Automatic;
					};
				};
			};
			buildConfigurationList = 2D312A92213D560000FCC499 /* Build configuration list for PBXProject "SmartMain" */;
			compatibilityVersion = "Xcode 8.0";
			developmentRegion = en;
			hasScannedForEncodings = 0;
			knownRegions = (
				en,
				Base,
			);
			mainGroup = 2D312A8E213D560000FCC499;
			productRefGroup = 2D312A98213D560100FCC499 /* Products */;
			projectDirPath = "";
			projectRoot = "";
			targets = (
				2D312A96213D560100FCC499 /* SmartMain */,
			);
		};
/* End PBXProject section */

/* Begin PBXResourcesBuildPhase section */
		2D312A95213D560100FCC499 /* Resources */ = {
			isa = PBXResourcesBuildPhase;
			buildActionMask = 2147483647;
			files = (
				2D312AA5213D560100FCC499 /* LaunchScreen.storyboard in Resources */,
				04C3871E213E093F0063A799 /* city.json in Resources */,
				04C38712213E093F0063A799 /* Configuration.plist in Resources */,
				2D312AA2213D560100FCC499 /* Assets.xcassets in Resources */,
				2D312AA0213D560100FCC499 /* Main.storyboard in Resources */,
				04C389E1213E21BA0063A799 /* OneViewController.xib in Resources */,
			);
			runOnlyForDeploymentPostprocessing = 0;
		};
/* End PBXResourcesBuildPhase section */

/* Begin PBXShellScriptBuildPhase section */
		05213FFB619F8711F09828FE /* [CP] Copy Pods Resources */ = {
			isa = PBXShellScriptBuildPhase;
			buildActionMask = 2147483647;
			files = (
			);
			inputPaths = (
			);
			name = "[CP] Copy Pods Resources";
			outputPaths = (
			);
			runOnlyForDeploymentPostprocessing = 0;
			shellPath = /bin/sh;
			shellScript = "\"${SRCROOT}/Pods/Target Support Files/Pods-SmartMain/Pods-SmartMain-resources.sh\"\n";
			showEnvVarsInLog = 0;
		};
		28097B602E05C0FFDBCB2D2B /* [CP] Embed Pods Frameworks */ = {
			isa = PBXShellScriptBuildPhase;
			buildActionMask = 2147483647;
			files = (
			);
			inputPaths = (
				"${SRCROOT}/Pods/Target Support Files/Pods-SmartMain/Pods-SmartMain-frameworks.sh",
				"${BUILT_PRODUCTS_DIR}/Alamofire/Alamofire.framework",
				"${BUILT_PRODUCTS_DIR}/DZNEmptyDataSet/DZNEmptyDataSet.framework",
				"${BUILT_PRODUCTS_DIR}/Differentiator/Differentiator.framework",
				"${BUILT_PRODUCTS_DIR}/EZSwiftExtensions/EZSwiftExtensions.framework",
				"${BUILT_PRODUCTS_DIR}/FCUUID/FCUUID.framework",
				"${BUILT_PRODUCTS_DIR}/IQKeyboardManagerSwift/IQKeyboardManagerSwift.framework",
				"${BUILT_PRODUCTS_DIR}/KMNavigationBarTransition/KMNavigationBarTransition.framework",
				"${BUILT_PRODUCTS_DIR}/Kingfisher/Kingfisher.framework",
				"${BUILT_PRODUCTS_DIR}/MJRefresh/MJRefresh.framework",
				"${BUILT_PRODUCTS_DIR}/Moya/Moya.framework",
				"${BUILT_PRODUCTS_DIR}/ObjectMapper/ObjectMapper.framework",
				"${BUILT_PRODUCTS_DIR}/ReachabilitySwift/Reachability.framework",
				"${BUILT_PRODUCTS_DIR}/Result/Result.framework",
				"${BUILT_PRODUCTS_DIR}/RxCocoa/RxCocoa.framework",
				"${BUILT_PRODUCTS_DIR}/RxDataSources/RxDataSources.framework",
				"${BUILT_PRODUCTS_DIR}/RxSwift/RxSwift.framework",
				"${BUILT_PRODUCTS_DIR}/SVProgressHUD/SVProgressHUD.framework",
				"${BUILT_PRODUCTS_DIR}/SnapKit/SnapKit.framework",
				"${BUILT_PRODUCTS_DIR}/SwiftyJSON/SwiftyJSON.framework",
				"${BUILT_PRODUCTS_DIR}/UICKeyChainStore/UICKeyChainStore.framework",
				"${BUILT_PRODUCTS_DIR}/VTMagic/VTMagic.framework",
			);
			name = "[CP] Embed Pods Frameworks";
			outputPaths = (
				"${TARGET_BUILD_DIR}/${FRAMEWORKS_FOLDER_PATH}/Alamofire.framework",
				"${TARGET_BUILD_DIR}/${FRAMEWORKS_FOLDER_PATH}/DZNEmptyDataSet.framework",
				"${TARGET_BUILD_DIR}/${FRAMEWORKS_FOLDER_PATH}/Differentiator.framework",
				"${TARGET_BUILD_DIR}/${FRAMEWORKS_FOLDER_PATH}/EZSwiftExtensions.framework",
				"${TARGET_BUILD_DIR}/${FRAMEWORKS_FOLDER_PATH}/FCUUID.framework",
				"${TARGET_BUILD_DIR}/${FRAMEWORKS_FOLDER_PATH}/IQKeyboardManagerSwift.framework",
				"${TARGET_BUILD_DIR}/${FRAMEWORKS_FOLDER_PATH}/KMNavigationBarTransition.framework",
				"${TARGET_BUILD_DIR}/${FRAMEWORKS_FOLDER_PATH}/Kingfisher.framework",
				"${TARGET_BUILD_DIR}/${FRAMEWORKS_FOLDER_PATH}/MJRefresh.framework",
				"${TARGET_BUILD_DIR}/${FRAMEWORKS_FOLDER_PATH}/Moya.framework",
				"${TARGET_BUILD_DIR}/${FRAMEWORKS_FOLDER_PATH}/ObjectMapper.framework",
				"${TARGET_BUILD_DIR}/${FRAMEWORKS_FOLDER_PATH}/Reachability.framework",
				"${TARGET_BUILD_DIR}/${FRAMEWORKS_FOLDER_PATH}/Result.framework",
				"${TARGET_BUILD_DIR}/${FRAMEWORKS_FOLDER_PATH}/RxCocoa.framework",
				"${TARGET_BUILD_DIR}/${FRAMEWORKS_FOLDER_PATH}/RxDataSources.framework",
				"${TARGET_BUILD_DIR}/${FRAMEWORKS_FOLDER_PATH}/RxSwift.framework",
				"${TARGET_BUILD_DIR}/${FRAMEWORKS_FOLDER_PATH}/SVProgressHUD.framework",
				"${TARGET_BUILD_DIR}/${FRAMEWORKS_FOLDER_PATH}/SnapKit.framework",
				"${TARGET_BUILD_DIR}/${FRAMEWORKS_FOLDER_PATH}/SwiftyJSON.framework",
				"${TARGET_BUILD_DIR}/${FRAMEWORKS_FOLDER_PATH}/UICKeyChainStore.framework",
				"${TARGET_BUILD_DIR}/${FRAMEWORKS_FOLDER_PATH}/VTMagic.framework",
			);
			runOnlyForDeploymentPostprocessing = 0;
			shellPath = /bin/sh;
			shellScript = "\"${SRCROOT}/Pods/Target Support Files/Pods-SmartMain/Pods-SmartMain-frameworks.sh\"\n";
			showEnvVarsInLog = 0;
		};
		78ED6FD45B3F9CA9B9CBA626 /* [CP] Check Pods Manifest.lock */ = {
			isa = PBXShellScriptBuildPhase;
			buildActionMask = 2147483647;
			files = (
			);
			inputPaths = (
				"${PODS_PODFILE_DIR_PATH}/Podfile.lock",
				"${PODS_ROOT}/Manifest.lock",
			);
			name = "[CP] Check Pods Manifest.lock";
			outputPaths = (
				"$(DERIVED_FILE_DIR)/Pods-SmartMain-checkManifestLockResult.txt",
			);
			runOnlyForDeploymentPostprocessing = 0;
			shellPath = /bin/sh;
			shellScript = "diff \"${PODS_PODFILE_DIR_PATH}/Podfile.lock\" \"${PODS_ROOT}/Manifest.lock\" > /dev/null\nif [ $? != 0 ] ; then\n    # print error to STDERR\n    echo \"error: The sandbox is not in sync with the Podfile.lock. Run 'pod install' or update your CocoaPods installation.\" >&2\n    exit 1\nfi\n# This output is used by Xcode 'outputs' to avoid re-running this script phase.\necho \"SUCCESS\" > \"${SCRIPT_OUTPUT_FILE_0}\"\n";
			showEnvVarsInLog = 0;
		};
/* End PBXShellScriptBuildPhase section */

/* Begin PBXSourcesBuildPhase section */
		2D312A93213D560100FCC499 /* Sources */ = {
			isa = PBXSourcesBuildPhase;
			buildActionMask = 2147483647;
			files = (
				04C38743213E09400063A799 /* PPGetAddressBook.swift in Sources */,
				04C38729213E093F0063A799 /* Array+.swift in Sources */,
				04C38748213E09400063A799 /* XBUtil.swift in Sources */,
				04C38733213E093F0063A799 /* CyclePictureCell.swift in Sources */,
				04C38732213E093F0063A799 /* CyclePictureView.swift in Sources */,
				04C38728213E093F0063A799 /* XBRxSectionManager.swift in Sources */,
				04C38741213E09400063A799 /* PPPersonModel.swift in Sources */,
				04C38730213E093F0063A799 /* UITableView+.swift in Sources */,
				04C3872C213E093F0063A799 /* UIViewController+.swift in Sources */,
				04C38988213E0B5A0063A799 /* XBBaseModel.swift in Sources */,
				04C38713213E093F0063A799 /* PMConfigManager.swift in Sources */,
				04C389D5213E163F0063A799 /* TwoViewController.swift in Sources */,
				2D312A9D213D560100FCC499 /* ViewController.swift in Sources */,
				04C38721213E093F0063A799 /* AddImagePickerFragment.swift in Sources */,
				04C38735213E093F0063A799 /* ETPopupView.swift in Sources */,
				04C38744213E09400063A799 /* XBHud.swift in Sources */,
				04C38747213E09400063A799 /* XBImageView.swift in Sources */,
				04C38719213E093F0063A799 /* UIViewControllerRouter.swift in Sources */,
				04C3873D213E093F0063A799 /* MBProgressHUD.m in Sources */,
				04C38731213E093F0063A799 /* AuxiliaryModels.swift in Sources */,
				04C38740213E09400063A799 /* UIButton+ImageTitleStyle.m in Sources */,
				04C3873C213E093F0063A799 /* UIViewController+HUD.m in Sources */,
				04C38985213E0B5A0063A799 /* XBBaseTableViewController.swift in Sources */,
				04C3872B213E093F0063A799 /* String+.swift in Sources */,
				04C389D7213E164B0063A799 /* ThreeViewController.swift in Sources */,
				04C3873A213E093F0063A799 /* PhotoToolBar.swift in Sources */,
				04C38716213E093F0063A799 /* PMNetManager.swift in Sources */,
				04C389E0213E21BA0063A799 /* OneViewController.swift in Sources */,
				04C3873F213E093F0063A799 /* NSObject+HUD.m in Sources */,
				04C38714213E093F0063A799 /* PMApiPath.swift in Sources */,
				04C3873E213E093F0063A799 /* MBProgressHUD+Add.m in Sources */,
				04C38737213E093F0063A799 /* SimpleHUD.swift in Sources */,
				04C3871F213E093F0063A799 /* XBJpushManager.swift in Sources */,
				04C38736213E093F0063A799 /* BYFoundationLog.m in Sources */,
				04C38734213E093F0063A799 /* ETPopupViewExtension.swift in Sources */,
				04C389DB213E183A0063A799 /* FourViewController.swift in Sources */,
				04C38718213E093F0063A799 /* XBThirdID.swift in Sources */,
				04C38722213E093F0063A799 /* XBEmptyManager.swift in Sources */,
				04C3872D213E093F0063A799 /* UILabel+.swift in Sources */,
				04C3897E213E0B5A0063A799 /* XBBaseNavigation.swift in Sources */,
				04C38742213E09400063A799 /* PPAddressBookHandle.swift in Sources */,
				04C3872E213E093F0063A799 /* XBExtensionAdd.swift in Sources */,
				04C3873B213E093F0063A799 /* PhotoViewCell.swift in Sources */,
				04C38745213E09400063A799 /* XBButton.swift in Sources */,
				04C3871B213E093F0063A799 /* XBNotificationManager.swift in Sources */,
				04C389EB213E231D0063A799 /* EquipmentVC.swift in Sources */,
				2D312A9B213D560100FCC499 /* AppDelegate.swift in Sources */,
				04C38987213E0B5A0063A799 /* XBBaseViewController.swift in Sources */,
				04C38746213E09400063A799 /* XBCustomUtil.swift in Sources */,
				04C38739213E093F0063A799 /* UIViewExtension.swift in Sources */,
				04C38715213E093F0063A799 /* PMRequestApi.swift in Sources */,
				04C38725213E093F0063A799 /* XBAddressManager.swift in Sources */,
				04C38727213E093F0063A799 /* XBUserManager.swift in Sources */,
				04C38724213E093F0063A799 /* XBUploadManager.swift in Sources */,
				04C38720213E093F0063A799 /* XBShareManager.swift in Sources */,
				04C38738213E093F0063A799 /* PhotoBrowser.swift in Sources */,
				04C3872F213E093F0063A799 /* UIImage+.swift in Sources */,
				04C389D3213E160E0063A799 /* XBTabBarController.swift in Sources */,
				04C38717213E093F0063A799 /* XBConfig.swift in Sources */,
				04C3872A213E093F0063A799 /* UIView+.swift in Sources */,
			);
			runOnlyForDeploymentPostprocessing = 0;
		};
/* End PBXSourcesBuildPhase section */

/* Begin PBXVariantGroup section */
		2D312A9E213D560100FCC499 /* Main.storyboard */ = {
			isa = PBXVariantGroup;
			children = (
				2D312A9F213D560100FCC499 /* Base */,
			);
			name = Main.storyboard;
			sourceTree = "<group>";
		};
		2D312AA3213D560100FCC499 /* LaunchScreen.storyboard */ = {
			isa = PBXVariantGroup;
			children = (
				2D312AA4213D560100FCC499 /* Base */,
			);
			name = LaunchScreen.storyboard;
			sourceTree = "<group>";
		};
/* End PBXVariantGroup section */

/* Begin XCBuildConfiguration section */
		2D312AA7213D560100FCC499 /* Debug */ = {
			isa = XCBuildConfiguration;
			buildSettings = {
				ALWAYS_SEARCH_USER_PATHS = NO;
				CLANG_ANALYZER_NONNULL = YES;
				CLANG_ANALYZER_NUMBER_OBJECT_CONVERSION = YES_AGGRESSIVE;
				CLANG_CXX_LANGUAGE_STANDARD = "gnu++14";
				CLANG_CXX_LIBRARY = "libc++";
				CLANG_ENABLE_MODULES = YES;
				CLANG_ENABLE_OBJC_ARC = YES;
				CLANG_WARN_BLOCK_CAPTURE_AUTORELEASING = YES;
				CLANG_WARN_BOOL_CONVERSION = YES;
				CLANG_WARN_COMMA = YES;
				CLANG_WARN_CONSTANT_CONVERSION = YES;
				CLANG_WARN_DIRECT_OBJC_ISA_USAGE = YES_ERROR;
				CLANG_WARN_DOCUMENTATION_COMMENTS = YES;
				CLANG_WARN_EMPTY_BODY = YES;
				CLANG_WARN_ENUM_CONVERSION = YES;
				CLANG_WARN_INFINITE_RECURSION = YES;
				CLANG_WARN_INT_CONVERSION = YES;
				CLANG_WARN_NON_LITERAL_NULL_CONVERSION = YES;
				CLANG_WARN_OBJC_LITERAL_CONVERSION = YES;
				CLANG_WARN_OBJC_ROOT_CLASS = YES_ERROR;
				CLANG_WARN_RANGE_LOOP_ANALYSIS = YES;
				CLANG_WARN_STRICT_PROTOTYPES = YES;
				CLANG_WARN_SUSPICIOUS_MOVE = YES;
				CLANG_WARN_UNGUARDED_AVAILABILITY = YES_AGGRESSIVE;
				CLANG_WARN_UNREACHABLE_CODE = YES;
				CLANG_WARN__DUPLICATE_METHOD_MATCH = YES;
				CODE_SIGN_IDENTITY = "iPhone Developer";
				COPY_PHASE_STRIP = NO;
				DEBUG_INFORMATION_FORMAT = dwarf;
				ENABLE_STRICT_OBJC_MSGSEND = YES;
				ENABLE_TESTABILITY = YES;
				GCC_C_LANGUAGE_STANDARD = gnu11;
				GCC_DYNAMIC_NO_PIC = NO;
				GCC_NO_COMMON_BLOCKS = YES;
				GCC_OPTIMIZATION_LEVEL = 0;
				GCC_PREPROCESSOR_DEFINITIONS = (
					"DEBUG=1",
					"$(inherited)",
				);
				GCC_WARN_64_TO_32_BIT_CONVERSION = YES;
				GCC_WARN_ABOUT_RETURN_TYPE = YES_ERROR;
				GCC_WARN_UNDECLARED_SELECTOR = YES;
				GCC_WARN_UNINITIALIZED_AUTOS = YES_AGGRESSIVE;
				GCC_WARN_UNUSED_FUNCTION = YES;
				GCC_WARN_UNUSED_VARIABLE = YES;
				IPHONEOS_DEPLOYMENT_TARGET = 9.0;
				MTL_ENABLE_DEBUG_INFO = YES;
				ONLY_ACTIVE_ARCH = YES;
				SDKROOT = iphoneos;
				SWIFT_ACTIVE_COMPILATION_CONDITIONS = DEBUG;
				SWIFT_OPTIMIZATION_LEVEL = "-Onone";
			};
			name = Debug;
		};
		2D312AA8213D560100FCC499 /* Release */ = {
			isa = XCBuildConfiguration;
			buildSettings = {
				ALWAYS_SEARCH_USER_PATHS = NO;
				CLANG_ANALYZER_NONNULL = YES;
				CLANG_ANALYZER_NUMBER_OBJECT_CONVERSION = YES_AGGRESSIVE;
				CLANG_CXX_LANGUAGE_STANDARD = "gnu++14";
				CLANG_CXX_LIBRARY = "libc++";
				CLANG_ENABLE_MODULES = YES;
				CLANG_ENABLE_OBJC_ARC = YES;
				CLANG_WARN_BLOCK_CAPTURE_AUTORELEASING = YES;
				CLANG_WARN_BOOL_CONVERSION = YES;
				CLANG_WARN_COMMA = YES;
				CLANG_WARN_CONSTANT_CONVERSION = YES;
				CLANG_WARN_DIRECT_OBJC_ISA_USAGE = YES_ERROR;
				CLANG_WARN_DOCUMENTATION_COMMENTS = YES;
				CLANG_WARN_EMPTY_BODY = YES;
				CLANG_WARN_ENUM_CONVERSION = YES;
				CLANG_WARN_INFINITE_RECURSION = YES;
				CLANG_WARN_INT_CONVERSION = YES;
				CLANG_WARN_NON_LITERAL_NULL_CONVERSION = YES;
				CLANG_WARN_OBJC_LITERAL_CONVERSION = YES;
				CLANG_WARN_OBJC_ROOT_CLASS = YES_ERROR;
				CLANG_WARN_RANGE_LOOP_ANALYSIS = YES;
				CLANG_WARN_STRICT_PROTOTYPES = YES;
				CLANG_WARN_SUSPICIOUS_MOVE = YES;
				CLANG_WARN_UNGUARDED_AVAILABILITY = YES_AGGRESSIVE;
				CLANG_WARN_UNREACHABLE_CODE = YES;
				CLANG_WARN__DUPLICATE_METHOD_MATCH = YES;
				CODE_SIGN_IDENTITY = "iPhone Developer";
				COPY_PHASE_STRIP = NO;
				DEBUG_INFORMATION_FORMAT = "dwarf-with-dsym";
				ENABLE_NS_ASSERTIONS = NO;
				ENABLE_STRICT_OBJC_MSGSEND = YES;
				GCC_C_LANGUAGE_STANDARD = gnu11;
				GCC_NO_COMMON_BLOCKS = YES;
				GCC_WARN_64_TO_32_BIT_CONVERSION = YES;
				GCC_WARN_ABOUT_RETURN_TYPE = YES_ERROR;
				GCC_WARN_UNDECLARED_SELECTOR = YES;
				GCC_WARN_UNINITIALIZED_AUTOS = YES_AGGRESSIVE;
				GCC_WARN_UNUSED_FUNCTION = YES;
				GCC_WARN_UNUSED_VARIABLE = YES;
				IPHONEOS_DEPLOYMENT_TARGET = 9.0;
				MTL_ENABLE_DEBUG_INFO = NO;
				SDKROOT = iphoneos;
				SWIFT_OPTIMIZATION_LEVEL = "-Owholemodule";
				VALIDATE_PRODUCT = YES;
			};
			name = Release;
		};
		2D312AAA213D560100FCC499 /* Debug */ = {
			isa = XCBuildConfiguration;
			baseConfigurationReference = FABD6F9026177145A29A261A /* Pods-SmartMain.debug.xcconfig */;
			buildSettings = {
				ASSETCATALOG_COMPILER_APPICON_NAME = AppIcon;
				CLANG_ENABLE_MODULES = YES;
				CODE_SIGN_STYLE = Automatic;
				DEVELOPMENT_TEAM = AZF2TUZCNL;
				ENABLE_BITCODE = NO;
				INFOPLIST_FILE = SmartMain/Info.plist;
				IPHONEOS_DEPLOYMENT_TARGET = 9.0;
				LD_RUNPATH_SEARCH_PATHS = "$(inherited) @executable_path/Frameworks";
				PRODUCT_BUNDLE_IDENTIFIER = com.app.SmartMain;
				PRODUCT_NAME = "$(TARGET_NAME)";
				SWIFT_OBJC_BRIDGING_HEADER = "SmartMain/SmartMain-Bridging-Header.h";
				SWIFT_OPTIMIZATION_LEVEL = "-Onone";
				SWIFT_VERSION = 4.0;
				TARGETED_DEVICE_FAMILY = 1;
			};
			name = Debug;
		};
		2D312AAB213D560100FCC499 /* Release */ = {
			isa = XCBuildConfiguration;
			baseConfigurationReference = 91EAC16658F9A180871B0B3F /* Pods-SmartMain.release.xcconfig */;
			buildSettings = {
				ASSETCATALOG_COMPILER_APPICON_NAME = AppIcon;
				CLANG_ENABLE_MODULES = YES;
				CODE_SIGN_STYLE = Automatic;
				DEVELOPMENT_TEAM = AZF2TUZCNL;
				ENABLE_BITCODE = NO;
				INFOPLIST_FILE = SmartMain/Info.plist;
				IPHONEOS_DEPLOYMENT_TARGET = 9.0;
				LD_RUNPATH_SEARCH_PATHS = "$(inherited) @executable_path/Frameworks";
				PRODUCT_BUNDLE_IDENTIFIER = com.app.SmartMain;
				PRODUCT_NAME = "$(TARGET_NAME)";
				SWIFT_OBJC_BRIDGING_HEADER = "SmartMain/SmartMain-Bridging-Header.h";
				SWIFT_VERSION = 4.0;
				TARGETED_DEVICE_FAMILY = 1;
			};
			name = Release;
		};
/* End XCBuildConfiguration section */

/* Begin XCConfigurationList section */
		2D312A92213D560000FCC499 /* Build configuration list for PBXProject "SmartMain" */ = {
			isa = XCConfigurationList;
			buildConfigurations = (
				2D312AA7213D560100FCC499 /* Debug */,
				2D312AA8213D560100FCC499 /* Release */,
			);
			defaultConfigurationIsVisible = 0;
			defaultConfigurationName = Release;
		};
		2D312AA9213D560100FCC499 /* Build configuration list for PBXNativeTarget "SmartMain" */ = {
			isa = XCConfigurationList;
			buildConfigurations = (
				2D312AAA213D560100FCC499 /* Debug */,
				2D312AAB213D560100FCC499 /* Release */,
			);
			defaultConfigurationIsVisible = 0;
			defaultConfigurationName = Release;
		};
/* End XCConfigurationList section */
	};
	rootObject = 2D312A8F213D560000FCC499 /* Project object */;
}
